
Microsoft Visual Studio Solution File, Format Version 12.00
# Visual Studio Version 17
VisualStudioVersion = 17.11.35327.3
MinimumVisualStudioVersion = 10.0.40219.1
Project("{FAE04EC0-301F-11D3-BF4B-00C04F79EFBC}") = "contador-de-vogais", "contador-de-vogais.csproj", "{278E0235-0451-4838-AE4C-20A87B948836}"
EndProject
Global
	GlobalSection(SolutionConfigurationPlatforms) = preSolution
		Debug|Any CPU = Debug|Any CPU
		Release|Any CPU = Release|Any CPU
	EndGlobalSection
	GlobalSection(ProjectConfigurationPlatforms) = postSolution
		{278E0235-0451-4838-AE4C-20A87B948836}.Debug|Any CPU.ActiveCfg = Debug|Any CPU
		{278E0235-0451-4838-AE4C-20A87B948836}.Debug|Any CPU.Build.0 = Debug|Any CPU
		{278E0235-0451-4838-AE4C-20A87B948836}.Release|Any CPU.ActiveCfg = Release|Any CPU
		{278E0235-0451-4838-AE4C-20A87B948836}.Release|Any CPU.Build.0 = Release|Any CPU
	EndGlobalSection
	GlobalSection(SolutionProperties) = preSolution
		HideSolutionNode = FALSE
	EndGlobalSection
	GlobalSection(ExtensibilityGlobals) = postSolution
		SolutionGuid = {6BD82E22-D8D2-4320-B57D-FDF52CFF89F1}
	EndGlobalSection
EndGlobal
