
Microsoft Visual Studio Solution File, Format Version 12.00
# Visual Studio Version 17
VisualStudioVersion = 17.11.35327.3
MinimumVisualStudioVersion = 10.0.40219.1
Project("{FAE04EC0-301F-11D3-BF4B-00C04F79EFBC}") = "busca-em-array", "busca-em-array.csproj", "{123036E0-6936-4AD3-B520-F61EA7E0DF97}"
EndProject
Global
	GlobalSection(SolutionConfigurationPlatforms) = preSolution
		Debug|Any CPU = Debug|Any CPU
		Release|Any CPU = Release|Any CPU
	EndGlobalSection
	GlobalSection(ProjectConfigurationPlatforms) = postSolution
		{123036E0-6936-4AD3-B520-F61EA7E0DF97}.Debug|Any CPU.ActiveCfg = Debug|Any CPU
		{123036E0-6936-4AD3-B520-F61EA7E0DF97}.Debug|Any CPU.Build.0 = Debug|Any CPU
		{123036E0-6936-4AD3-B520-F61EA7E0DF97}.Release|Any CPU.ActiveCfg = Release|Any CPU
		{123036E0-6936-4AD3-B520-F61EA7E0DF97}.Release|Any CPU.Build.0 = Release|Any CPU
	EndGlobalSection
	GlobalSection(SolutionProperties) = preSolution
		HideSolutionNode = FALSE
	EndGlobalSection
	GlobalSection(ExtensibilityGlobals) = postSolution
		SolutionGuid = {7CAE06D3-DFB5-48B9-B4D3-224F91A4ACA0}
	EndGlobalSection
EndGlobal
