
Microsoft Visual Studio Solution File, Format Version 12.00
# Visual Studio Version 17
VisualStudioVersion = 17.11.35327.3
MinimumVisualStudioVersion = 10.0.40219.1
Project("{FAE04EC0-301F-11D3-BF4B-00C04F79EFBC}") = "cadastrodeprodutos", "cadastrodeprodutos.csproj", "{440EDD34-F057-49B1-A5F8-FE1436A79F36}"
EndProject
Global
	GlobalSection(SolutionConfigurationPlatforms) = preSolution
		Debug|Any CPU = Debug|Any CPU
		Release|Any CPU = Release|Any CPU
	EndGlobalSection
	GlobalSection(ProjectConfigurationPlatforms) = postSolution
		{440EDD34-F057-49B1-A5F8-FE1436A79F36}.Debug|Any CPU.ActiveCfg = Debug|Any CPU
		{440EDD34-F057-49B1-A5F8-FE1436A79F36}.Debug|Any CPU.Build.0 = Debug|Any CPU
		{440EDD34-F057-49B1-A5F8-FE1436A79F36}.Release|Any CPU.ActiveCfg = Release|Any CPU
		{440EDD34-F057-49B1-A5F8-FE1436A79F36}.Release|Any CPU.Build.0 = Release|Any CPU
	EndGlobalSection
	GlobalSection(SolutionProperties) = preSolution
		HideSolutionNode = FALSE
	EndGlobalSection
	GlobalSection(ExtensibilityGlobals) = postSolution
		SolutionGuid = {0EF064E5-3EE8-4496-A4AF-3C5905E0FE45}
	EndGlobalSection
EndGlobal
